schema: '2.0'
stages:
  clean:
    cmd: uv run python scripts/clean.py
    deps:
    - path: data/raw/events.csv
      hash: md5
      md5: 431ff8b1e99f6c5ac0a423d9e37ac2a9
      size: 73240
      isexec: true
    - path: scripts/clean.py
      hash: md5
      md5: 07c69b9cd66e630a6b9a5964a98ad335
      size: 796
    outs:
    - path: data/clean/events.csv
      hash: md5
      md5: 14a0fecf4f818c3b7a11f38fafc5b6cf
      size: 61026
  transform:
    cmd: uv run python scripts/transform.py
    deps:
    - path: data/clean/events.csv
      hash: md5
      md5: 14a0fecf4f818c3b7a11f38fafc5b6cf
      size: 61026
    - path: scripts/transform.py
      hash: md5
      md5: f766a646accd7b9bf8bf80563ff00bdd
      size: 263
    outs:
    - path: data/transformed/events.csv
      hash: md5
      md5: a00acb5004fa1bf13e0eacf3c5928865
      size: 78763
  features:
    cmd: uv run python scripts/features.py
    deps:
    - path: data/transformed/events.csv
      hash: md5
      md5: a00acb5004fa1bf13e0eacf3c5928865
      size: 78763
    - path: scripts/features.py
      hash: md5
      md5: f545ef96c8a274d4deab92525f2f025b
      size: 309
    outs:
    - path: data/features/events.csv
      hash: md5
      md5: 7bdd8b58ee73977afb68ea39df1689e8
      size: 114785
